
Microsoft Visual Studio Solution File, Format Version 12.00
# Visual Studio 15
Project("{FAE04EC0-301F-11D3-BF4B-00C04F79EFBC}") = "UnityEngine.UI", "UnityEngine.UI.csproj", "{8AC39285-BB23-526A-94E3-5BF1C2FE5FC9}"
EndProject
Project("{FAE04EC0-301F-11D3-BF4B-00C04F79EFBC}") = "Assembly-CSharp", "Assembly-CSharp.csproj", "{685E29BD-3607-7AC8-BB0A-24796B98F4C6}"
EndProject
Project("{FAE04EC0-301F-11D3-BF4B-00C04F79EFBC}") = "UnityEditor.UI", "UnityEditor.UI.csproj", "{0C00CEE8-7467-B599-4DCE-71E97BA761CE}"
EndProject
Project("{FAE04EC0-301F-11D3-BF4B-00C04F79EFBC}") = "Unity.2D.Sprite.Editor", "Unity.2D.Sprite.Editor.csproj", "{07AF1B3B-4DDD-8631-D976-893B2148F160}"
EndProject
Global
	GlobalSection(SolutionConfigurationPlatforms) = preSolution
		Debug|Any CPU = Debug|Any CPU
		Release|Any CPU = Release|Any CPU
	EndGlobalSection
	GlobalSection(ProjectConfigurationPlatforms) = postSolution
		{8AC39285-BB23-526A-94E3-5BF1C2FE5FC9}.Debug|Any CPU.ActiveCfg = Debug|Any CPU
		{8AC39285-BB23-526A-94E3-5BF1C2FE5FC9}.Debug|Any CPU.Build.0 = Debug|Any CPU
		{8AC39285-BB23-526A-94E3-5BF1C2FE5FC9}.Release|Any CPU.ActiveCfg = Release|Any CPU
		{8AC39285-BB23-526A-94E3-5BF1C2FE5FC9}.Release|Any CPU.Build.0 = Release|Any CPU
		{685E29BD-3607-7AC8-BB0A-24796B98F4C6}.Debug|Any CPU.ActiveCfg = Debug|Any CPU
		{685E29BD-3607-7AC8-BB0A-24796B98F4C6}.Debug|Any CPU.Build.0 = Debug|Any CPU
		{685E29BD-3607-7AC8-BB0A-24796B98F4C6}.Release|Any CPU.ActiveCfg = Release|Any CPU
		{685E29BD-3607-7AC8-BB0A-24796B98F4C6}.Release|Any CPU.Build.0 = Release|Any CPU
		{0C00CEE8-7467-B599-4DCE-71E97BA761CE}.Debug|Any CPU.ActiveCfg = Debug|Any CPU
		{0C00CEE8-7467-B599-4DCE-71E97BA761CE}.Debug|Any CPU.Build.0 = Debug|Any CPU
		{0C00CEE8-7467-B599-4DCE-71E97BA761CE}.Release|Any CPU.ActiveCfg = Release|Any CPU
		{0C00CEE8-7467-B599-4DCE-71E97BA761CE}.Release|Any CPU.Build.0 = Release|Any CPU
		{07AF1B3B-4DDD-8631-D976-893B2148F160}.Debug|Any CPU.ActiveCfg = Debug|Any CPU
		{07AF1B3B-4DDD-8631-D976-893B2148F160}.Debug|Any CPU.Build.0 = Debug|Any CPU
		{07AF1B3B-4DDD-8631-D976-893B2148F160}.Release|Any CPU.ActiveCfg = Release|Any CPU
		{07AF1B3B-4DDD-8631-D976-893B2148F160}.Release|Any CPU.Build.0 = Release|Any CPU
	EndGlobalSection
	GlobalSection(SolutionProperties) = preSolution
		HideSolutionNode = FALSE
	EndGlobalSection
EndGlobal
